
Microsoft Visual Studio Solution File, Format Version 12.00
# Visual Studio Version 17
VisualStudioVersion = 17.11.35312.102
MinimumVisualStudioVersion = 10.0.40219.1
Project("{9A19103F-16F7-4668-BE54-9A1E7A4F7556}") = "DockerComposeLab1", "DockerComposeLab1\DockerComposeLab1.csproj", "{A106BFC1-A654-4A4E-80CD-3BBC51121B86}"
EndProject
Project("{E53339B2-1760-4266-BCC7-CA923CBCF16C}") = "docker-compose", "docker-compose.dcproj", "{BEDC2493-9D3E-4853-AFA3-F450B4C8B4EA}"
EndProject
Global
	GlobalSection(SolutionConfigurationPlatforms) = preSolution
		Debug|Any CPU = Debug|Any CPU
		Release|Any CPU = Release|Any CPU
	EndGlobalSection
	GlobalSection(ProjectConfigurationPlatforms) = postSolution
		{A106BFC1-A654-4A4E-80CD-3BBC51121B86}.Debug|Any CPU.ActiveCfg = Debug|Any CPU
		{A106BFC1-A654-4A4E-80CD-3BBC51121B86}.Debug|Any CPU.Build.0 = Debug|Any CPU
		{A106BFC1-A654-4A4E-80CD-3BBC51121B86}.Release|Any CPU.ActiveCfg = Release|Any CPU
		{A106BFC1-A654-4A4E-80CD-3BBC51121B86}.Release|Any CPU.Build.0 = Release|Any CPU
		{BEDC2493-9D3E-4853-AFA3-F450B4C8B4EA}.Debug|Any CPU.ActiveCfg = Debug|Any CPU
		{BEDC2493-9D3E-4853-AFA3-F450B4C8B4EA}.Debug|Any CPU.Build.0 = Debug|Any CPU
		{BEDC2493-9D3E-4853-AFA3-F450B4C8B4EA}.Release|Any CPU.ActiveCfg = Release|Any CPU
		{BEDC2493-9D3E-4853-AFA3-F450B4C8B4EA}.Release|Any CPU.Build.0 = Release|Any CPU
	EndGlobalSection
	GlobalSection(SolutionProperties) = preSolution
		HideSolutionNode = FALSE
	EndGlobalSection
	GlobalSection(ExtensibilityGlobals) = postSolution
		SolutionGuid = {0DEF700F-828E-4FE8-AE95-0E85F8CD3585}
	EndGlobalSection
EndGlobal
